
Microsoft Visual Studio Solution File, Format Version 12.00
# Visual Studio Version 16
VisualStudioVersion = 16.0.31005.135
MinimumVisualStudioVersion = 10.0.40219.1
Project("{FAE04EC0-301F-11D3-BF4B-00C04F79EFBC}") = "CampIntro", "CampIntro\CampIntro.csproj", "{3FEB0FB1-C193-4777-9469-0AD27669A0D3}"
EndProject
Project("{FAE04EC0-301F-11D3-BF4B-00C04F79EFBC}") = "Loops", "Loops\Loops.csproj", "{6F1C25FF-44DE-4353-A335-E5507B3D866B}"
EndProject
Project("{FAE04EC0-301F-11D3-BF4B-00C04F79EFBC}") = "ClassIntro", "ClassIntro\ClassIntro.csproj", "{9486945A-8F86-4C28-8411-E27D038F17CF}"
EndProject
Project("{FAE04EC0-301F-11D3-BF4B-00C04F79EFBC}") = "HomeWork6", "Example\HomeWork6.csproj", "{39952DAE-9ACC-4148-83FE-DCD912AA8204}"
EndProject
Project("{FAE04EC0-301F-11D3-BF4B-00C04F79EFBC}") = "Methods", "Methods\Methods.csproj", "{6A1F49D3-7D67-48D9-8DA1-FC6A4630D5F4}"
EndProject
Project("{FAE04EC0-301F-11D3-BF4B-00C04F79EFBC}") = "Mathematic", "Mathematic\Mathematic.csproj", "{87A572E5-F55B-49AE-B481-5C9D5CCD06B2}"
EndProject
Project("{FAE04EC0-301F-11D3-BF4B-00C04F79EFBC}") = "ValueAndReferanceTypes", "ValueAndReferanceTypes\ValueAndReferanceTypes.csproj", "{FEBD8B62-11D7-4589-9F6B-3A1050BDA80B}"
EndProject
Global
	GlobalSection(SolutionConfigurationPlatforms) = preSolution
		Debug|Any CPU = Debug|Any CPU
		Release|Any CPU = Release|Any CPU
	EndGlobalSection
	GlobalSection(ProjectConfigurationPlatforms) = postSolution
		{3FEB0FB1-C193-4777-9469-0AD27669A0D3}.Debug|Any CPU.ActiveCfg = Debug|Any CPU
		{3FEB0FB1-C193-4777-9469-0AD27669A0D3}.Debug|Any CPU.Build.0 = Debug|Any CPU
		{3FEB0FB1-C193-4777-9469-0AD27669A0D3}.Release|Any CPU.ActiveCfg = Release|Any CPU
		{3FEB0FB1-C193-4777-9469-0AD27669A0D3}.Release|Any CPU.Build.0 = Release|Any CPU
		{6F1C25FF-44DE-4353-A335-E5507B3D866B}.Debug|Any CPU.ActiveCfg = Debug|Any CPU
		{6F1C25FF-44DE-4353-A335-E5507B3D866B}.Debug|Any CPU.Build.0 = Debug|Any CPU
		{6F1C25FF-44DE-4353-A335-E5507B3D866B}.Release|Any CPU.ActiveCfg = Release|Any CPU
		{6F1C25FF-44DE-4353-A335-E5507B3D866B}.Release|Any CPU.Build.0 = Release|Any CPU
		{9486945A-8F86-4C28-8411-E27D038F17CF}.Debug|Any CPU.ActiveCfg = Debug|Any CPU
		{9486945A-8F86-4C28-8411-E27D038F17CF}.Debug|Any CPU.Build.0 = Debug|Any CPU
		{9486945A-8F86-4C28-8411-E27D038F17CF}.Release|Any CPU.ActiveCfg = Release|Any CPU
		{9486945A-8F86-4C28-8411-E27D038F17CF}.Release|Any CPU.Build.0 = Release|Any CPU
		{39952DAE-9ACC-4148-83FE-DCD912AA8204}.Debug|Any CPU.ActiveCfg = Debug|Any CPU
		{39952DAE-9ACC-4148-83FE-DCD912AA8204}.Debug|Any CPU.Build.0 = Debug|Any CPU
		{39952DAE-9ACC-4148-83FE-DCD912AA8204}.Release|Any CPU.ActiveCfg = Release|Any CPU
		{39952DAE-9ACC-4148-83FE-DCD912AA8204}.Release|Any CPU.Build.0 = Release|Any CPU
		{6A1F49D3-7D67-48D9-8DA1-FC6A4630D5F4}.Debug|Any CPU.ActiveCfg = Debug|Any CPU
		{6A1F49D3-7D67-48D9-8DA1-FC6A4630D5F4}.Debug|Any CPU.Build.0 = Debug|Any CPU
		{6A1F49D3-7D67-48D9-8DA1-FC6A4630D5F4}.Release|Any CPU.ActiveCfg = Release|Any CPU
		{6A1F49D3-7D67-48D9-8DA1-FC6A4630D5F4}.Release|Any CPU.Build.0 = Release|Any CPU
		{87A572E5-F55B-49AE-B481-5C9D5CCD06B2}.Debug|Any CPU.ActiveCfg = Debug|Any CPU
		{87A572E5-F55B-49AE-B481-5C9D5CCD06B2}.Debug|Any CPU.Build.0 = Debug|Any CPU
		{87A572E5-F55B-49AE-B481-5C9D5CCD06B2}.Release|Any CPU.ActiveCfg = Release|Any CPU
		{87A572E5-F55B-49AE-B481-5C9D5CCD06B2}.Release|Any CPU.Build.0 = Release|Any CPU
		{FEBD8B62-11D7-4589-9F6B-3A1050BDA80B}.Debug|Any CPU.ActiveCfg = Debug|Any CPU
		{FEBD8B62-11D7-4589-9F6B-3A1050BDA80B}.Debug|Any CPU.Build.0 = Debug|Any CPU
		{FEBD8B62-11D7-4589-9F6B-3A1050BDA80B}.Release|Any CPU.ActiveCfg = Release|Any CPU
		{FEBD8B62-11D7-4589-9F6B-3A1050BDA80B}.Release|Any CPU.Build.0 = Release|Any CPU
	EndGlobalSection
	GlobalSection(SolutionProperties) = preSolution
		HideSolutionNode = FALSE
	EndGlobalSection
	GlobalSection(ExtensibilityGlobals) = postSolution
		SolutionGuid = {88D7221E-B6C9-4F67-8E57-C4E865B33E48}
	EndGlobalSection
EndGlobal
